
Microsoft Visual Studio Solution File, Format Version 12.00
# Visual Studio 15
VisualStudioVersion = 15.0.28307.705
MinimumVisualStudioVersion = 10.0.40219.1
Project("{FAE04EC0-301F-11D3-BF4B-00C04F79EFBC}") = "APIGIASA", "APIGIASA\APIGIASA.csproj", "{D1222B97-B0C4-4964-ACB5-F4DC3EAF7C49}"
EndProject
Global
	GlobalSection(SolutionConfigurationPlatforms) = preSolution
		Debug|Any CPU = Debug|Any CPU
		Release|Any CPU = Release|Any CPU
	EndGlobalSection
	GlobalSection(ProjectConfigurationPlatforms) = postSolution
		{D1222B97-B0C4-4964-ACB5-F4DC3EAF7C49}.Debug|Any CPU.ActiveCfg = Debug|Any CPU
		{D1222B97-B0C4-4964-ACB5-F4DC3EAF7C49}.Debug|Any CPU.Build.0 = Debug|Any CPU
		{D1222B97-B0C4-4964-ACB5-F4DC3EAF7C49}.Release|Any CPU.ActiveCfg = Release|Any CPU
		{D1222B97-B0C4-4964-ACB5-F4DC3EAF7C49}.Release|Any CPU.Build.0 = Release|Any CPU
	EndGlobalSection
	GlobalSection(SolutionProperties) = preSolution
		HideSolutionNode = FALSE
	EndGlobalSection
	GlobalSection(ExtensibilityGlobals) = postSolution
		SolutionGuid = {C7448F4A-040B-403E-9F07-792B4871F11F}
	EndGlobalSection
EndGlobal
